--- 
dependencies: 
  rake: 
    group: 
    - :test
    version: ">= 0.8.7"
  rspec: 
    group: 
    - :default
    version: ">= 2.0.0.beta.5"
  jeweler: 
    group: 
    - :release
    version: ">= 1.4.0"
specs: 
- rake: 
    version: 0.8.7
- json_pure: 
    version: 1.2.3
- gemcutter: 
    version: 0.5.0
- git: 
    version: 1.2.5
- rubyforge: 
    version: 2.0.4
- jeweler: 
    version: 1.4.0
- rspec-core: 
    version: 2.0.0.beta.5
- rspec-expectations: 
    version: 2.0.0.beta.5
- rspec-mocks: 
    version: 2.0.0.beta.5
- rspec: 
    version: 2.0.0.beta.5
hash: 810abde8fee4cc8af22ca62810a28b4f24fded08
sources: 
- Rubygems: 
    uri: http://gemcutter.org
